
Microsoft Visual Studio Solution File, Format Version 12.00
# Visual Studio Version 16
VisualStudioVersion = 16.0.31205.134
MinimumVisualStudioVersion = 10.0.40219.1
Project("{8BC9CEB8-8B4A-11D0-8D11-00A0C91BC942}") = "4", "4\4.vcxproj", "{8B8F29F1-DF14-4F33-8C02-5116B547300A}"
EndProject
Project("{2150E333-8FDC-42A3-9474-1A3956D46DE8}") = "Solution Items", "Solution Items", "{FBF99B80-50D1-422C-86D1-49CBD5F83F2B}"
	ProjectSection(SolutionItems) = preProject
		table.txt = table.txt
		work.txt = work.txt
	EndProjectSection
EndProject
Global
	GlobalSection(SolutionConfigurationPlatforms) = preSolution
		Debug|x64 = Debug|x64
		Debug|x86 = Debug|x86
		Release|x64 = Release|x64
		Release|x86 = Release|x86
	EndGlobalSection
	GlobalSection(ProjectConfigurationPlatforms) = postSolution
		{8B8F29F1-DF14-4F33-8C02-5116B547300A}.Debug|x64.ActiveCfg = Debug|x64
		{8B8F29F1-DF14-4F33-8C02-5116B547300A}.Debug|x64.Build.0 = Debug|x64
		{8B8F29F1-DF14-4F33-8C02-5116B547300A}.Debug|x86.ActiveCfg = Debug|Win32
		{8B8F29F1-DF14-4F33-8C02-5116B547300A}.Debug|x86.Build.0 = Debug|Win32
		{8B8F29F1-DF14-4F33-8C02-5116B547300A}.Release|x64.ActiveCfg = Release|x64
		{8B8F29F1-DF14-4F33-8C02-5116B547300A}.Release|x64.Build.0 = Release|x64
		{8B8F29F1-DF14-4F33-8C02-5116B547300A}.Release|x86.ActiveCfg = Release|Win32
		{8B8F29F1-DF14-4F33-8C02-5116B547300A}.Release|x86.Build.0 = Release|Win32
	EndGlobalSection
	GlobalSection(SolutionProperties) = preSolution
		HideSolutionNode = FALSE
	EndGlobalSection
	GlobalSection(ExtensibilityGlobals) = postSolution
		SolutionGuid = {8D4002DD-7604-4D13-86FD-CD392B6E4585}
	EndGlobalSection
EndGlobal
